
Microsoft Visual Studio Solution File, Format Version 12.00
# Visual Studio Version 17
VisualStudioVersion = 17.14.36301.6 d17.14
MinimumVisualStudioVersion = 10.0.40219.1
Project("{FAE04EC0-301F-11D3-BF4B-00C04F79EFBC}") = "ExercicioPost.Forms", "ExercicioPost.Forms\ExercicioPost.Forms.csproj", "{EF9A3A78-5EDD-4AAB-8D0C-FCF790EA4B66}"
EndProject
Global
	GlobalSection(SolutionConfigurationPlatforms) = preSolution
		Debug|Any CPU = Debug|Any CPU
		Release|Any CPU = Release|Any CPU
	EndGlobalSection
	GlobalSection(ProjectConfigurationPlatforms) = postSolution
		{EF9A3A78-5EDD-4AAB-8D0C-FCF790EA4B66}.Debug|Any CPU.ActiveCfg = Debug|Any CPU
		{EF9A3A78-5EDD-4AAB-8D0C-FCF790EA4B66}.Debug|Any CPU.Build.0 = Debug|Any CPU
		{EF9A3A78-5EDD-4AAB-8D0C-FCF790EA4B66}.Release|Any CPU.ActiveCfg = Release|Any CPU
		{EF9A3A78-5EDD-4AAB-8D0C-FCF790EA4B66}.Release|Any CPU.Build.0 = Release|Any CPU
	EndGlobalSection
	GlobalSection(SolutionProperties) = preSolution
		HideSolutionNode = FALSE
	EndGlobalSection
	GlobalSection(ExtensibilityGlobals) = postSolution
		SolutionGuid = {034CA80B-68EC-4EC2-AF15-609DFF1966A8}
	EndGlobalSection
EndGlobal
